
Microsoft Visual Studio Solution File, Format Version 12.00
# Visual Studio Version 17
VisualStudioVersion = 17.3.32825.248
MinimumVisualStudioVersion = 10.0.40219.1
Project("{FAE04EC0-301F-11D3-BF4B-00C04F79EFBC}") = "SingleResponsibility", "SingleResponsibility\SingleResponsibility.csproj", "{DD5BE6A6-AF5F-4823-81FB-4D7157F77934}"
EndProject
Project("{FAE04EC0-301F-11D3-BF4B-00C04F79EFBC}") = "OpenClosed", "OpenClosed\OpenClosed.csproj", "{1DC8F5B5-D3FA-4E62-AAB2-2D99BB48D456}"
EndProject
Project("{FAE04EC0-301F-11D3-BF4B-00C04F79EFBC}") = "LiskovSubstition", "LiskovSubstition\LiskovSubstition.csproj", "{E14CA080-8944-4BCB-8A4D-2C13B782F6AA}"
EndProject
Project("{FAE04EC0-301F-11D3-BF4B-00C04F79EFBC}") = "InterfaceSegregation", "InterfaceSegregation\InterfaceSegregation.csproj", "{4282F765-89E4-4A45-AE83-9796C0096608}"
EndProject
Project("{FAE04EC0-301F-11D3-BF4B-00C04F79EFBC}") = "DependencyInversion", "DependencyInversion\DependencyInversion.csproj", "{6DBF35A1-D44B-4052-A5CB-2B89A041806A}"
EndProject
Global
	GlobalSection(SolutionConfigurationPlatforms) = preSolution
		Debug|Any CPU = Debug|Any CPU
		Release|Any CPU = Release|Any CPU
	EndGlobalSection
	GlobalSection(ProjectConfigurationPlatforms) = postSolution
		{DD5BE6A6-AF5F-4823-81FB-4D7157F77934}.Debug|Any CPU.ActiveCfg = Debug|Any CPU
		{DD5BE6A6-AF5F-4823-81FB-4D7157F77934}.Debug|Any CPU.Build.0 = Debug|Any CPU
		{DD5BE6A6-AF5F-4823-81FB-4D7157F77934}.Release|Any CPU.ActiveCfg = Release|Any CPU
		{DD5BE6A6-AF5F-4823-81FB-4D7157F77934}.Release|Any CPU.Build.0 = Release|Any CPU
		{1DC8F5B5-D3FA-4E62-AAB2-2D99BB48D456}.Debug|Any CPU.ActiveCfg = Debug|Any CPU
		{1DC8F5B5-D3FA-4E62-AAB2-2D99BB48D456}.Debug|Any CPU.Build.0 = Debug|Any CPU
		{1DC8F5B5-D3FA-4E62-AAB2-2D99BB48D456}.Release|Any CPU.ActiveCfg = Release|Any CPU
		{1DC8F5B5-D3FA-4E62-AAB2-2D99BB48D456}.Release|Any CPU.Build.0 = Release|Any CPU
		{E14CA080-8944-4BCB-8A4D-2C13B782F6AA}.Debug|Any CPU.ActiveCfg = Debug|Any CPU
		{E14CA080-8944-4BCB-8A4D-2C13B782F6AA}.Debug|Any CPU.Build.0 = Debug|Any CPU
		{E14CA080-8944-4BCB-8A4D-2C13B782F6AA}.Release|Any CPU.ActiveCfg = Release|Any CPU
		{E14CA080-8944-4BCB-8A4D-2C13B782F6AA}.Release|Any CPU.Build.0 = Release|Any CPU
		{4282F765-89E4-4A45-AE83-9796C0096608}.Debug|Any CPU.ActiveCfg = Debug|Any CPU
		{4282F765-89E4-4A45-AE83-9796C0096608}.Debug|Any CPU.Build.0 = Debug|Any CPU
		{4282F765-89E4-4A45-AE83-9796C0096608}.Release|Any CPU.ActiveCfg = Release|Any CPU
		{4282F765-89E4-4A45-AE83-9796C0096608}.Release|Any CPU.Build.0 = Release|Any CPU
		{6DBF35A1-D44B-4052-A5CB-2B89A041806A}.Debug|Any CPU.ActiveCfg = Debug|Any CPU
		{6DBF35A1-D44B-4052-A5CB-2B89A041806A}.Debug|Any CPU.Build.0 = Debug|Any CPU
		{6DBF35A1-D44B-4052-A5CB-2B89A041806A}.Release|Any CPU.ActiveCfg = Release|Any CPU
		{6DBF35A1-D44B-4052-A5CB-2B89A041806A}.Release|Any CPU.Build.0 = Release|Any CPU
	EndGlobalSection
	GlobalSection(SolutionProperties) = preSolution
		HideSolutionNode = FALSE
	EndGlobalSection
	GlobalSection(ExtensibilityGlobals) = postSolution
		SolutionGuid = {D4016971-705F-460C-B237-2D029933D073}
	EndGlobalSection
EndGlobal
