
Microsoft Visual Studio Solution File, Format Version 12.00
# Visual Studio Version 17
VisualStudioVersion = 17.3.32825.248
MinimumVisualStudioVersion = 10.0.40219.1
Project("{FAE04EC0-301F-11D3-BF4B-00C04F79EFBC}") = "Messages", "Messages\Messages.csproj", "{439098A5-F648-49F9-8335-60F6D6F7C672}"
EndProject
Project("{FAE04EC0-301F-11D3-BF4B-00C04F79EFBC}") = "Publisher", "Publisher\Publisher.csproj", "{E8439AC1-2256-424D-8CB8-854FEE9ACD7A}"
EndProject
Project("{FAE04EC0-301F-11D3-BF4B-00C04F79EFBC}") = "Consumer1", "Consumer1\Consumer1.csproj", "{54DC3254-012D-45DF-943D-19A3F2753B07}"
EndProject
Project("{FAE04EC0-301F-11D3-BF4B-00C04F79EFBC}") = "Consumer2", "Consumer2\Consumer2.csproj", "{E2000C84-C408-43ED-A11A-CF5654A6CBAA}"
EndProject
Project("{FAE04EC0-301F-11D3-BF4B-00C04F79EFBC}") = "Models", "Models\Models.csproj", "{C64B5F7F-5CAF-435E-8EF8-4ECC57C4FC8D}"
EndProject
Global
	GlobalSection(SolutionConfigurationPlatforms) = preSolution
		Debug|Any CPU = Debug|Any CPU
		Release|Any CPU = Release|Any CPU
	EndGlobalSection
	GlobalSection(ProjectConfigurationPlatforms) = postSolution
		{439098A5-F648-49F9-8335-60F6D6F7C672}.Debug|Any CPU.ActiveCfg = Debug|Any CPU
		{439098A5-F648-49F9-8335-60F6D6F7C672}.Debug|Any CPU.Build.0 = Debug|Any CPU
		{439098A5-F648-49F9-8335-60F6D6F7C672}.Release|Any CPU.ActiveCfg = Release|Any CPU
		{439098A5-F648-49F9-8335-60F6D6F7C672}.Release|Any CPU.Build.0 = Release|Any CPU
		{E8439AC1-2256-424D-8CB8-854FEE9ACD7A}.Debug|Any CPU.ActiveCfg = Debug|Any CPU
		{E8439AC1-2256-424D-8CB8-854FEE9ACD7A}.Debug|Any CPU.Build.0 = Debug|Any CPU
		{E8439AC1-2256-424D-8CB8-854FEE9ACD7A}.Release|Any CPU.ActiveCfg = Release|Any CPU
		{E8439AC1-2256-424D-8CB8-854FEE9ACD7A}.Release|Any CPU.Build.0 = Release|Any CPU
		{54DC3254-012D-45DF-943D-19A3F2753B07}.Debug|Any CPU.ActiveCfg = Debug|Any CPU
		{54DC3254-012D-45DF-943D-19A3F2753B07}.Debug|Any CPU.Build.0 = Debug|Any CPU
		{54DC3254-012D-45DF-943D-19A3F2753B07}.Release|Any CPU.ActiveCfg = Release|Any CPU
		{54DC3254-012D-45DF-943D-19A3F2753B07}.Release|Any CPU.Build.0 = Release|Any CPU
		{E2000C84-C408-43ED-A11A-CF5654A6CBAA}.Debug|Any CPU.ActiveCfg = Debug|Any CPU
		{E2000C84-C408-43ED-A11A-CF5654A6CBAA}.Debug|Any CPU.Build.0 = Debug|Any CPU
		{E2000C84-C408-43ED-A11A-CF5654A6CBAA}.Release|Any CPU.ActiveCfg = Release|Any CPU
		{E2000C84-C408-43ED-A11A-CF5654A6CBAA}.Release|Any CPU.Build.0 = Release|Any CPU
		{C64B5F7F-5CAF-435E-8EF8-4ECC57C4FC8D}.Debug|Any CPU.ActiveCfg = Debug|Any CPU
		{C64B5F7F-5CAF-435E-8EF8-4ECC57C4FC8D}.Debug|Any CPU.Build.0 = Debug|Any CPU
		{C64B5F7F-5CAF-435E-8EF8-4ECC57C4FC8D}.Release|Any CPU.ActiveCfg = Release|Any CPU
		{C64B5F7F-5CAF-435E-8EF8-4ECC57C4FC8D}.Release|Any CPU.Build.0 = Release|Any CPU
	EndGlobalSection
	GlobalSection(SolutionProperties) = preSolution
		HideSolutionNode = FALSE
	EndGlobalSection
	GlobalSection(ExtensibilityGlobals) = postSolution
		SolutionGuid = {BB8AA938-56EC-443B-BB08-BCD798C8A868}
	EndGlobalSection
EndGlobal
